// !$*UTF8*$!
{
	archiveVersion = 1;
	classes = {
	};
	objectVersion = 46;
	objects = {

/* Begin PBXBuildFile section */
		7B26B04518EEE5D300ED71F9 /* jjkNotepadViewController.m in Sources */ = {isa = PBXBuildFile; fileRef = 7B26B04418EEE5D300ED71F9 /* jjkNotepadViewController.m */; };
		7B26B04818EEEDF700ED71F9 /* jjkTableViewController.m in Sources */ = {isa = PBXBuildFile; fileRef = 7B26B04718EEEDF700ED71F9 /* jjkTableViewController.m */; };
		7B9D534018EDFF120079EC0D /* Foundation.framework in Frameworks */ = {isa = PBXBuildFile; fileRef = 7B9D533F18EDFF120079EC0D /* Foundation.framework */; };
		7B9D534218EDFF120079EC0D /* CoreGraphics.framework in Frameworks */ = {isa = PBXBuildFile; fileRef = 7B9D534118EDFF120079EC0D /* CoreGraphics.framework */; };
		7B9D534418EDFF120079EC0D /* UIKit.framework in Frameworks */ = {isa = PBXBuildFile; fileRef = 7B9D534318EDFF120079EC0D /* UIKit.framework */; };
		7B9D534A18EDFF120079EC0D /* InfoPlist.strings in Resources */ = {isa = PBXBuildFile; fileRef = 7B9D534818EDFF120079EC0D /* InfoPlist.strings */; };
		7B9D534C18EDFF120079EC0D /* main.m in Sources */ = {isa = PBXBuildFile; fileRef = 7B9D534B18EDFF120079EC0D /* main.m */; };
		7B9D535018EDFF120079EC0D /* jjkAppDelegate.m in Sources */ = {isa = PBXBuildFile; fileRef = 7B9D534F18EDFF120079EC0D /* jjkAppDelegate.m */; };
		7B9D535318EDFF120079EC0D /* Main.storyboard in Resources */ = {isa = PBXBuildFile; fileRef = 7B9D535118EDFF120079EC0D /* Main.storyboard */; };
		7B9D535618EDFF120079EC0D /* jjkViewController.m in Sources */ = {isa = PBXBuildFile; fileRef = 7B9D535518EDFF120079EC0D /* jjkViewController.m */; };
		7B9D535818EDFF120079EC0D /* Images.xcassets in Resources */ = {isa = PBXBuildFile; fileRef = 7B9D535718EDFF120079EC0D /* Images.xcassets */; };
		7B9D535F18EDFF120079EC0D /* XCTest.framework in Frameworks */ = {isa = PBXBuildFile; fileRef = 7B9D535E18EDFF120079EC0D /* XCTest.framework */; };
		7B9D536018EDFF120079EC0D /* Foundation.framework in Frameworks */ = {isa = PBXBuildFile; fileRef = 7B9D533F18EDFF120079EC0D /* Foundation.framework */; };
		7B9D536118EDFF120079EC0D /* UIKit.framework in Frameworks */ = {isa = PBXBuildFile; fileRef = 7B9D534318EDFF120079EC0D /* UIKit.framework */; };
		7B9D536918EDFF120079EC0D /* InfoPlist.strings in Resources */ = {isa = PBXBuildFile; fileRef = 7B9D536718EDFF120079EC0D /* InfoPlist.strings */; };
		7B9D536B18EDFF120079EC0D /* NoteSecretTests.m in Sources */ = {isa = PBXBuildFile; fileRef = 7B9D536A18EDFF120079EC0D /* NoteSecretTests.m */; };
/* End PBXBuildFile section */

/* Begin PBXContainerItemProxy section */
		7B9D536218EDFF120079EC0D /* PBXContainerItemProxy */ = {
			isa = PBXContainerItemProxy;
			containerPortal = 7B9D533418EDFF120079EC0D /* Project object */;
			proxyType = 1;
			remoteGlobalIDString = 7B9D533B18EDFF120079EC0D;
			remoteInfo = NoteSecret;
		};
/* End PBXContainerItemProxy section */

/* Begin PBXFileReference section */
		7B26B04318EEE5D300ED71F9 /* jjkNotepadViewController.h */ = {isa = PBXFileReference; fileEncoding = 4; lastKnownFileType = sourcecode.c.h; path = jjkNotepadViewController.h; sourceTree = "<group>"; };
		7B26B04418EEE5D300ED71F9 /* jjkNotepadViewController.m */ = {isa = PBXFileReference; fileEncoding = 4; lastKnownFileType = sourcecode.c.objc; path = jjkNotepadViewController.m; sourceTree = "<group>"; };
		7B26B04618EEEDF700ED71F9 /* jjkTableViewController.h */ = {isa = PBXFileReference; fileEncoding = 4; lastKnownFileType = sourcecode.c.h; name = jjkTableViewController.h; path = ../jjkTableViewController.h; sourceTree = "<group>"; };
		7B26B04718EEEDF700ED71F9 /* jjkTableViewController.m */ = {isa = PBXFileReference; fileEncoding = 4; lastKnownFileType = sourcecode.c.objc; name = jjkTableViewController.m; path = ../jjkTableViewController.m; sourceTree = "<group>"; };
		7B9D533C18EDFF120079EC0D /* NoteSecret.app */ = {isa = PBXFileReference; explicitFileType = wrapper.application; includeInIndex = 0; path = NoteSecret.app; sourceTree = BUILT_PRODUCTS_DIR; };
		7B9D533F18EDFF120079EC0D /* Foundation.framework */ = {isa = PBXFileReference; lastKnownFileType = wrapper.framework; name = Foundation.framework; path = System/Library/Frameworks/Foundation.framework; sourceTree = SDKROOT; };
		7B9D534118EDFF120079EC0D /* CoreGraphics.framework */ = {isa = PBXFileReference; lastKnownFileType = wrapper.framework; name = CoreGraphics.framework; path = System/Library/Frameworks/CoreGraphics.framework; sourceTree = SDKROOT; };
		7B9D534318EDFF120079EC0D /* UIKit.framework */ = {isa = PBXFileReference; lastKnownFileType = wrapper.framework; name = UIKit.framework; path = System/Library/Frameworks/UIKit.framework; sourceTree = SDKROOT; };
		7B9D534718EDFF120079EC0D /* NoteSecret-Info.plist */ = {isa = PBXFileReference; lastKnownFileType = text.plist.xml; path = "NoteSecret-Info.plist"; sourceTree = "<group>"; };
		7B9D534918EDFF120079EC0D /* en */ = {isa = PBXFileReference; lastKnownFileType = text.plist.strings; name = en; path = en.lproj/InfoPlist.strings; sourceTree = "<group>"; };
		7B9D534B18EDFF120079EC0D /* main.m */ = {isa = PBXFileReference; lastKnownFileType = sourcecode.c.objc; path = main.m; sourceTree = "<group>"; };
		7B9D534D18EDFF120079EC0D /* NoteSecret-Prefix.pch */ = {isa = PBXFileReference; lastKnownFileType = sourcecode.c.h; path = "NoteSecret-Prefix.pch"; sourceTree = "<group>"; };
		7B9D534E18EDFF120079EC0D /* jjkAppDelegate.h */ = {isa = PBXFileReference; lastKnownFileType = sourcecode.c.h; path = jjkAppDelegate.h; sourceTree = "<group>"; };
		7B9D534F18EDFF120079EC0D /* jjkAppDelegate.m */ = {isa = PBXFileReference; lastKnownFileType = sourcecode.c.objc; path = jjkAppDelegate.m; sourceTree = "<group>"; };
		7B9D535218EDFF120079EC0D /* Base */ = {isa = PBXFileReference; lastKnownFileType = file.storyboard; name = Base; path = Base.lproj/Main.storyboard; sourceTree = "<group>"; };
		7B9D535418EDFF120079EC0D /* jjkViewController.h */ = {isa = PBXFileReference; lastKnownFileType = sourcecode.c.h; path = jjkViewController.h; sourceTree = "<group>"; };
		7B9D535518EDFF120079EC0D /* jjkViewController.m */ = {isa = PBXFileReference; lastKnownFileType = sourcecode.c.objc; path = jjkViewController.m; sourceTree = "<group>"; };
		7B9D535718EDFF120079EC0D /* Images.xcassets */ = {isa = PBXFileReference; lastKnownFileType = folder.assetcatalog; path = Images.xcassets; sourceTree = "<group>"; };
		7B9D535D18EDFF120079EC0D /* NoteSecretTests.xctest */ = {isa = PBXFileReference; explicitFileType = wrapper.cfbundle; includeInIndex = 0; path = NoteSecretTests.xctest; sourceTree = BUILT_PRODUCTS_DIR; };
		7B9D535E18EDFF120079EC0D /* XCTest.framework */ = {isa = PBXFileReference; lastKnownFileType = wrapper.framework; name = XCTest.framework; path = Library/Frameworks/XCTest.framework; sourceTree = DEVELOPER_DIR; };
		7B9D536618EDFF120079EC0D /* NoteSecretTests-Info.plist */ = {isa = PBXFileReference; lastKnownFileType = text.plist.xml; path = "NoteSecretTests-Info.plist"; sourceTree = "<group>"; };
		7B9D536818EDFF120079EC0D /* en */ = {isa = PBXFileReference; lastKnownFileType = text.plist.strings; name = en; path = en.lproj/InfoPlist.strings; sourceTree = "<group>"; };
		7B9D536A18EDFF120079EC0D /* NoteSecretTests.m */ = {isa = PBXFileReference; lastKnownFileType = sourcecode.c.objc; path = NoteSecretTests.m; sourceTree = "<group>"; };
/* End PBXFileReference section */

/* Begin PBXFrameworksBuildPhase section */
		7B9D533918EDFF120079EC0D /* Frameworks */ = {
			isa = PBXFrameworksBuildPhase;
			buildActionMask = 2147483647;
			files = (
				7B9D534218EDFF120079EC0D /* CoreGraphics.framework in Frameworks */,
				7B9D534418EDFF120079EC0D /* UIKit.framework in Frameworks */,
				7B9D534018EDFF120079EC0D /* Foundation.framework in Frameworks */,
			);
			runOnlyForDeploymentPostprocessing = 0;
		};
		7B9D535A18EDFF120079EC0D /* Frameworks */ = {
			isa = PBXFrameworksBuildPhase;
			buildActionMask = 2147483647;
			files = (
				7B9D535F18EDFF120079EC0D /* XCTest.framework in Frameworks */,
				7B9D536118EDFF120079EC0D /* UIKit.framework in Frameworks */,
				7B9D536018EDFF120079EC0D /* Foundation.framework in Frameworks */,
			);
			runOnlyForDeploymentPostprocessing = 0;
		};
/* End PBXFrameworksBuildPhase section */

/* Begin PBXGroup section */
		7B26B04918EEEFF000ED71F9 /* Model */ = {
			isa = PBXGroup;
			children = (
			);
			name = Model;
			sourceTree = "<group>";
		};
		7B26B04A18EEEFF600ED71F9 /* Views */ = {
			isa = PBXGroup;
			children = (
				7B9D535118EDFF120079EC0D /* Main.storyboard */,
			);
			name = Views;
			sourceTree = "<group>";
		};
		7B26B04B18EEF00100ED71F9 /* Controllers */ = {
			isa = PBXGroup;
			children = (
				7B26B04618EEEDF700ED71F9 /* jjkTableViewController.h */,
				7B26B04718EEEDF700ED71F9 /* jjkTableViewController.m */,
				7B26B04318EEE5D300ED71F9 /* jjkNotepadViewController.h */,
				7B26B04418EEE5D300ED71F9 /* jjkNotepadViewController.m */,
				7B9D535418EDFF120079EC0D /* jjkViewController.h */,
				7B9D535518EDFF120079EC0D /* jjkViewController.m */,
			);
			name = Controllers;
			sourceTree = "<group>";
		};
		7B9D533318EDFF120079EC0D = {
			isa = PBXGroup;
			children = (
				7B9D534518EDFF120079EC0D /* NoteSecret */,
				7B9D536418EDFF120079EC0D /* NoteSecretTests */,
				7B9D533E18EDFF120079EC0D /* Frameworks */,
				7B9D533D18EDFF120079EC0D /* Products */,
			);
			sourceTree = "<group>";
		};
		7B9D533D18EDFF120079EC0D /* Products */ = {
			isa = PBXGroup;
			children = (
				7B9D533C18EDFF120079EC0D /* NoteSecret.app */,
				7B9D535D18EDFF120079EC0D /* NoteSecretTests.xctest */,
			);
			name = Products;
			sourceTree = "<group>";
		};
		7B9D533E18EDFF120079EC0D /* Frameworks */ = {
			isa = PBXGroup;
			children = (
				7B9D533F18EDFF120079EC0D /* Foundation.framework */,
				7B9D534118EDFF120079EC0D /* CoreGraphics.framework */,
				7B9D534318EDFF120079EC0D /* UIKit.framework */,
				7B9D535E18EDFF120079EC0D /* XCTest.framework */,
			);
			name = Frameworks;
			sourceTree = "<group>";
		};
		7B9D534518EDFF120079EC0D /* NoteSecret */ = {
			isa = PBXGroup;
			children = (
				7B26B04B18EEF00100ED71F9 /* Controllers */,
				7B26B04A18EEEFF600ED71F9 /* Views */,
				7B26B04918EEEFF000ED71F9 /* Model */,
				7B9D534618EDFF120079EC0D /* Supporting Files */,
			);
			path = NoteSecret;
			sourceTree = "<group>";
		};
		7B9D534618EDFF120079EC0D /* Supporting Files */ = {
			isa = PBXGroup;
			children = (
				7B9D535718EDFF120079EC0D /* Images.xcassets */,
				7B9D534E18EDFF120079EC0D /* jjkAppDelegate.h */,
				7B9D534F18EDFF120079EC0D /* jjkAppDelegate.m */,
				7B9D534718EDFF120079EC0D /* NoteSecret-Info.plist */,
				7B9D534818EDFF120079EC0D /* InfoPlist.strings */,
				7B9D534B18EDFF120079EC0D /* main.m */,
				7B9D534D18EDFF120079EC0D /* NoteSecret-Prefix.pch */,
			);
			name = "Supporting Files";
			sourceTree = "<group>";
		};
		7B9D536418EDFF120079EC0D /* NoteSecretTests */ = {
			isa = PBXGroup;
			children = (
				7B9D536A18EDFF120079EC0D /* NoteSecretTests.m */,
				7B9D536518EDFF120079EC0D /* Supporting Files */,
			);
			path = NoteSecretTests;
			sourceTree = "<group>";
		};
		7B9D536518EDFF120079EC0D /* Supporting Files */ = {
			isa = PBXGroup;
			children = (
				7B9D536618EDFF120079EC0D /* NoteSecretTests-Info.plist */,
				7B9D536718EDFF120079EC0D /* InfoPlist.strings */,
			);
			name = "Supporting Files";
			sourceTree = "<group>";
		};
/* End PBXGroup section */

/* Begin PBXNativeTarget section */
		7B9D533B18EDFF120079EC0D /* NoteSecret */ = {
			isa = PBXNativeTarget;
			buildConfigurationList = 7B9D536E18EDFF120079EC0D /* Build configuration list for PBXNativeTarget "NoteSecret" */;
			buildPhases = (
				7B9D533818EDFF120079EC0D /* Sources */,
				7B9D533918EDFF120079EC0D /* Frameworks */,
				7B9D533A18EDFF120079EC0D /* Resources */,
			);
			buildRules = (
			);
			dependencies = (
			);
			name = NoteSecret;
			productName = NoteSecret;
			productReference = 7B9D533C18EDFF120079EC0D /* NoteSecret.app */;
			productType = "com.apple.product-type.application";
		};
		7B9D535C18EDFF120079EC0D /* NoteSecretTests */ = {
			isa = PBXNativeTarget;
			buildConfigurationList = 7B9D537118EDFF120079EC0D /* Build configuration list for PBXNativeTarget "NoteSecretTests" */;
			buildPhases = (
				7B9D535918EDFF120079EC0D /* Sources */,
				7B9D535A18EDFF120079EC0D /* Frameworks */,
				7B9D535B18EDFF120079EC0D /* Resources */,
			);
			buildRules = (
			);
			dependencies = (
				7B9D536318EDFF120079EC0D /* PBXTargetDependency */,
			);
			name = NoteSecretTests;
			productName = NoteSecretTests;
			productReference = 7B9D535D18EDFF120079EC0D /* NoteSecretTests.xctest */;
			productType = "com.apple.product-type.bundle.unit-test";
		};
/* End PBXNativeTarget section */

/* Begin PBXProject section */
		7B9D533418EDFF120079EC0D /* Project object */ = {
			isa = PBXProject;
			attributes = {
				CLASSPREFIX = jjk;
				LastUpgradeCheck = 0510;
				ORGANIZATIONNAME = "Joshua Kuiros";
				TargetAttributes = {
					7B9D535C18EDFF120079EC0D = {
						TestTargetID = 7B9D533B18EDFF120079EC0D;
					};
				};
			};
			buildConfigurationList = 7B9D533718EDFF120079EC0D /* Build configuration list for PBXProject "NoteSecret" */;
			compatibilityVersion = "Xcode 3.2";
			developmentRegion = English;
			hasScannedForEncodings = 0;
			knownRegions = (
				en,
				Base,
			);
			mainGroup = 7B9D533318EDFF120079EC0D;
			productRefGroup = 7B9D533D18EDFF120079EC0D /* Products */;
			projectDirPath = "";
			projectRoot = "";
			targets = (
				7B9D533B18EDFF120079EC0D /* NoteSecret */,
				7B9D535C18EDFF120079EC0D /* NoteSecretTests */,
			);
		};
/* End PBXProject section */

/* Begin PBXResourcesBuildPhase section */
		7B9D533A18EDFF120079EC0D /* Resources */ = {
			isa = PBXResourcesBuildPhase;
			buildActionMask = 2147483647;
			files = (
				7B9D535818EDFF120079EC0D /* Images.xcassets in Resources */,
				7B9D534A18EDFF120079EC0D /* InfoPlist.strings in Resources */,
				7B9D535318EDFF120079EC0D /* Main.storyboard in Resources */,
			);
			runOnlyForDeploymentPostprocessing = 0;
		};
		7B9D535B18EDFF120079EC0D /* Resources */ = {
			isa = PBXResourcesBuildPhase;
			buildActionMask = 2147483647;
			files = (
				7B9D536918EDFF120079EC0D /* InfoPlist.strings in Resources */,
			);
			runOnlyForDeploymentPostprocessing = 0;
		};
/* End PBXResourcesBuildPhase section */

/* Begin PBXSourcesBuildPhase section */
		7B9D533818EDFF120079EC0D /* Sources */ = {
			isa = PBXSourcesBuildPhase;
			buildActionMask = 2147483647;
			files = (
				7B9D535618EDFF120079EC0D /* jjkViewController.m in Sources */,
				7B9D535018EDFF120079EC0D /* jjkAppDelegate.m in Sources */,
				7B26B04818EEEDF700ED71F9 /* jjkTableViewController.m in Sources */,
				7B9D534C18EDFF120079EC0D /* main.m in Sources */,
				7B26B04518EEE5D300ED71F9 /* jjkNotepadViewController.m in Sources */,
			);
			runOnlyForDeploymentPostprocessing = 0;
		};
		7B9D535918EDFF120079EC0D /* Sources */ = {
			isa = PBXSourcesBuildPhase;
			buildActionMask = 2147483647;
			files = (
				7B9D536B18EDFF120079EC0D /* NoteSecretTests.m in Sources */,
			);
			runOnlyForDeploymentPostprocessing = 0;
		};
/* End PBXSourcesBuildPhase section */

/* Begin PBXTargetDependency section */
		7B9D536318EDFF120079EC0D /* PBXTargetDependency */ = {
			isa = PBXTargetDependency;
			target = 7B9D533B18EDFF120079EC0D /* NoteSecret */;
			targetProxy = 7B9D536218EDFF120079EC0D /* PBXContainerItemProxy */;
		};
/* End PBXTargetDependency section */

/* Begin PBXVariantGroup section */
		7B9D534818EDFF120079EC0D /* InfoPlist.strings */ = {
			isa = PBXVariantGroup;
			children = (
				7B9D534918EDFF120079EC0D /* en */,
			);
			name = InfoPlist.strings;
			sourceTree = "<group>";
		};
		7B9D535118EDFF120079EC0D /* Main.storyboard */ = {
			isa = PBXVariantGroup;
			children = (
				7B9D535218EDFF120079EC0D /* Base */,
			);
			name = Main.storyboard;
			sourceTree = "<group>";
		};
		7B9D536718EDFF120079EC0D /* InfoPlist.strings */ = {
			isa = PBXVariantGroup;
			children = (
				7B9D536818EDFF120079EC0D /* en */,
			);
			name = InfoPlist.strings;
			sourceTree = "<group>";
		};
/* End PBXVariantGroup section */

/* Begin XCBuildConfiguration section */
		7B9D536C18EDFF120079EC0D /* Debug */ = {
			isa = XCBuildConfiguration;
			buildSettings = {
				ALWAYS_SEARCH_USER_PATHS = NO;
				CLANG_CXX_LANGUAGE_STANDARD = "gnu++0x";
				CLANG_CXX_LIBRARY = "libc++";
				CLANG_ENABLE_MODULES = YES;
				CLANG_ENABLE_OBJC_ARC = YES;
				CLANG_WARN_BOOL_CONVERSION = YES;
				CLANG_WARN_CONSTANT_CONVERSION = YES;
				CLANG_WARN_DIRECT_OBJC_ISA_USAGE = YES_ERROR;
				CLANG_WARN_EMPTY_BODY = YES;
				CLANG_WARN_ENUM_CONVERSION = YES;
				CLANG_WARN_INT_CONVERSION = YES;
				CLANG_WARN_OBJC_ROOT_CLASS = YES_ERROR;
				CLANG_WARN__DUPLICATE_METHOD_MATCH = YES;
				"CODE_SIGN_IDENTITY[sdk=iphoneos*]" = "iPhone Developer";
				COPY_PHASE_STRIP = NO;
				GCC_C_LANGUAGE_STANDARD = gnu99;
				GCC_DYNAMIC_NO_PIC = NO;
				GCC_OPTIMIZATION_LEVEL = 0;
				GCC_PREPROCESSOR_DEFINITIONS = (
					"DEBUG=1",
					"$(inherited)",
				);
				GCC_SYMBOLS_PRIVATE_EXTERN = NO;
				GCC_WARN_64_TO_32_BIT_CONVERSION = YES;
				GCC_WARN_ABOUT_RETURN_TYPE = YES_ERROR;
				GCC_WARN_UNDECLARED_SELECTOR = YES;
				GCC_WARN_UNINITIALIZED_AUTOS = YES_AGGRESSIVE;
				GCC_WARN_UNUSED_FUNCTION = YES;
				GCC_WARN_UNUSED_VARIABLE = YES;
				IPHONEOS_DEPLOYMENT_TARGET = 7.1;
				ONLY_ACTIVE_ARCH = YES;
				SDKROOT = iphoneos;
			};
			name = Debug;
		};
		7B9D536D18EDFF120079EC0D /* Release */ = {
			isa = XCBuildConfiguration;
			buildSettings = {
				ALWAYS_SEARCH_USER_PATHS = NO;
				CLANG_CXX_LANGUAGE_STANDARD = "gnu++0x";
				CLANG_CXX_LIBRARY = "libc++";
				CLANG_ENABLE_MODULES = YES;
				CLANG_ENABLE_OBJC_ARC = YES;
				CLANG_WARN_BOOL_CONVERSION = YES;
				CLANG_WARN_CONSTANT_CONVERSION = YES;
				CLANG_WARN_DIRECT_OBJC_ISA_USAGE = YES_ERROR;
				CLANG_WARN_EMPTY_BODY = YES;
				CLANG_WARN_ENUM_CONVERSION = YES;
				CLANG_WARN_INT_CONVERSION = YES;
				CLANG_WARN_OBJC_ROOT_CLASS = YES_ERROR;
				CLANG_WARN__DUPLICATE_METHOD_MATCH = YES;
				"CODE_SIGN_IDENTITY[sdk=iphoneos*]" = "iPhone Developer";
				COPY_PHASE_STRIP = YES;
				ENABLE_NS_ASSERTIONS = NO;
				GCC_C_LANGUAGE_STANDARD = gnu99;
				GCC_WARN_64_TO_32_BIT_CONVERSION = YES;
				GCC_WARN_ABOUT_RETURN_TYPE = YES_ERROR;
				GCC_WARN_UNDECLARED_SELECTOR = YES;
				GCC_WARN_UNINITIALIZED_AUTOS = YES_AGGRESSIVE;
				GCC_WARN_UNUSED_FUNCTION = YES;
				GCC_WARN_UNUSED_VARIABLE = YES;
				IPHONEOS_DEPLOYMENT_TARGET = 7.1;
				SDKROOT = iphoneos;
				VALIDATE_PRODUCT = YES;
			};
			name = Release;
		};
		7B9D536F18EDFF120079EC0D /* Debug */ = {
			isa = XCBuildConfiguration;
			buildSettings = {
				ASSETCATALOG_COMPILER_APPICON_NAME = AppIcon;
				ASSETCATALOG_COMPILER_LAUNCHIMAGE_NAME = LaunchImage;
				GCC_PRECOMPILE_PREFIX_HEADER = YES;
				GCC_PREFIX_HEADER = "NoteSecret/NoteSecret-Prefix.pch";
				INFOPLIST_FILE = "NoteSecret/NoteSecret-Info.plist";
				PRODUCT_NAME = "$(TARGET_NAME)";
				WRAPPER_EXTENSION = app;
			};
			name = Debug;
		};
		7B9D537018EDFF120079EC0D /* Release */ = {
			isa = XCBuildConfiguration;
			buildSettings = {
				ASSETCATALOG_COMPILER_APPICON_NAME = AppIcon;
				ASSETCATALOG_COMPILER_LAUNCHIMAGE_NAME = LaunchImage;
				GCC_PRECOMPILE_PREFIX_HEADER = YES;
				GCC_PREFIX_HEADER = "NoteSecret/NoteSecret-Prefix.pch";
				INFOPLIST_FILE = "NoteSecret/NoteSecret-Info.plist";
				PRODUCT_NAME = "$(TARGET_NAME)";
				WRAPPER_EXTENSION = app;
			};
			name = Release;
		};
		7B9D537218EDFF120079EC0D /* Debug */ = {
			isa = XCBuildConfiguration;
			buildSettings = {
				BUNDLE_LOADER = "$(BUILT_PRODUCTS_DIR)/NoteSecret.app/NoteSecret";
				FRAMEWORK_SEARCH_PATHS = (
					"$(SDKROOT)/Developer/Library/Frameworks",
					"$(inherited)",
					"$(DEVELOPER_FRAMEWORKS_DIR)",
				);
				GCC_PRECOMPILE_PREFIX_HEADER = YES;
				GCC_PREFIX_HEADER = "NoteSecret/NoteSecret-Prefix.pch";
				GCC_PREPROCESSOR_DEFINITIONS = (
					"DEBUG=1",
					"$(inherited)",
				);
				INFOPLIST_FILE = "NoteSecretTests/NoteSecretTests-Info.plist";
				PRODUCT_NAME = "$(TARGET_NAME)";
				TEST_HOST = "$(BUNDLE_LOADER)";
				WRAPPER_EXTENSION = xctest;
			};
			name = Debug;
		};
		7B9D537318EDFF120079EC0D /* Release */ = {
			isa = XCBuildConfiguration;
			buildSettings = {
				BUNDLE_LOADER = "$(BUILT_PRODUCTS_DIR)/NoteSecret.app/NoteSecret";
				FRAMEWORK_SEARCH_PATHS = (
					"$(SDKROOT)/Developer/Library/Frameworks",
					"$(inherited)",
					"$(DEVELOPER_FRAMEWORKS_DIR)",
				);
				GCC_PRECOMPILE_PREFIX_HEADER = YES;
				GCC_PREFIX_HEADER = "NoteSecret/NoteSecret-Prefix.pch";
				INFOPLIST_FILE = "NoteSecretTests/NoteSecretTests-Info.plist";
				PRODUCT_NAME = "$(TARGET_NAME)";
				TEST_HOST = "$(BUNDLE_LOADER)";
				WRAPPER_EXTENSION = xctest;
			};
			name = Release;
		};
/* End XCBuildConfiguration section */

/* Begin XCConfigurationList section */
		7B9D533718EDFF120079EC0D /* Build configuration list for PBXProject "NoteSecret" */ = {
			isa = XCConfigurationList;
			buildConfigurations = (
				7B9D536C18EDFF120079EC0D /* Debug */,
				7B9D536D18EDFF120079EC0D /* Release */,
			);
			defaultConfigurationIsVisible = 0;
			defaultConfigurationName = Release;
		};
		7B9D536E18EDFF120079EC0D /* Build configuration list for PBXNativeTarget "NoteSecret" */ = {
			isa = XCConfigurationList;
			buildConfigurations = (
				7B9D536F18EDFF120079EC0D /* Debug */,
				7B9D537018EDFF120079EC0D /* Release */,
			);
			defaultConfigurationIsVisible = 0;
			defaultConfigurationName = Release;
		};
		7B9D537118EDFF120079EC0D /* Build configuration list for PBXNativeTarget "NoteSecretTests" */ = {
			isa = XCConfigurationList;
			buildConfigurations = (
				7B9D537218EDFF120079EC0D /* Debug */,
				7B9D537318EDFF120079EC0D /* Release */,
			);
			defaultConfigurationIsVisible = 0;
			defaultConfigurationName = Release;
		};
/* End XCConfigurationList section */
	};
	rootObject = 7B9D533418EDFF120079EC0D /* Project object */;
}
